<Solution>
  <Folder Name="/maui-toolkit/">
    <Project Path="../repos/maui-toolkit/src/Ndbs.MauiToolkit.Abstractions/Ndbs.MauiToolkit.Abstractions.csproj" />
    <Project Path="../repos/maui-toolkit/src/Ndbs.MauiToolkit.DynamicTables/Ndbs.MauiToolkit.DynamicTables.csproj" />
    <Project Path="../repos/maui-toolkit/src/Ndbs.MauiToolkit.Xia/Ndbs.MauiToolkit.Xia.csproj" />
    <Project Path="../repos/maui-toolkit/src/Ndbs.MauiToolkit/Ndbs.MauiToolkit.csproj" Id="11dc5547-e0b0-405d-9586-c4854e48c1f0" />
  </Folder>
  <Folder Name="/maui-toolkit/tests/">
    <Project Path="../repos/maui-toolkit/tests/Ndbs.MauiToolkit.DynamicTables.Tests/Ndbs.MauiToolkit.DynamicTables.Tests.csproj" />
    <Project Path="../repos/maui-toolkit/tests/Ndbs.MauiToolkit.Tests/Ndbs.MauiToolkit.Tests.csproj" />
  </Folder>
  <Folder Name="/mss-app/">
    <Project Path="../repos/mss-app/src/Apis/NDBS.MSS.Api/NDBS.MSS.Api.csproj" />
    <Project Path="../repos/mss-app/src/Apps/NDBS.MSS/NDBS.MSS.csproj">
      <Deploy Solution="Debug|*" />
    </Project>
    <Project Path="../repos/mss-app/src/NDBS.Maui.Toolkit.Auth.Oidc/NDBS.Maui.Toolkit.Auth.Oidc.csproj" />
    <Project Path="../repos/mss-app/src/NDBS.Maui.Toolkit.Logging.Serilog/NDBS.Maui.Toolkit.Logging.Serilog.csproj" />
    <Project Path="../repos/mss-app/src/NDBS.Maui.Toolkit.Telemetry.Insights/NDBS.Maui.Toolkit.Telemetry.Insights.csproj" />
    <Project Path="../repos/mss-app/src/NDBS.Maui.Toolkit/NDBS.Maui.Toolkit.csproj" />
    <Project Path="../repos/mss-app/src/NDBS.MauiToolkit.Barcode/NDBS.MauiToolkit.Barcode.csproj" />
    <Project Path="../repos/mss-app/src/NDBS.MauiToolkit.Impressum/NDBS.MauiToolkit.Impressum.csproj" />
    <Project Path="../repos/mss-app/src/NDBS.SAPCloud.OData.MauiToolkit/NDBS.SAPCloud.OData.MauiToolkit.csproj" />
    <Project Path="../repos/mss-app/src/NDBS.Xia.Api/NDBS.Xia.Api.csproj" />
    <Project Path="../repos/mss-app/src/NDBS.Xia.MauiToolkit/NDBS.Xia.MauiToolkit.csproj" />
  </Folder>
  <Folder Name="/net-client-api-sapcloud/">
    <Project Path="../repos/net-client-api-sapcloud/src/NDBS.SAPCloud.OData/NDBS.SAPCloud.OData.csproj" />
  </Folder>
  <Folder Name="/net-client-api/">
    <Project Path="../repos/net-client-api/src/NDBS.Api.OData/NDBS.Api.OData.csproj" />
    <Project Path="../repos/net-client-api/src/NDBS.Api.Refit/NDBS.Api.Refit.csproj" />
    <Project Path="../repos/net-client-api/src/NDBS.Api/NDBS.Api.csproj" />
  </Folder>
  <Folder Name="/net-client-api-xia/">
    <Project Path="../repos/net-client-api-xia/src/NDBS.Xia.Api/NDBS.Xia.Api.csproj" />
  </Folder>
</Solution>
